
Microsoft Visual Studio Solution File, Format Version 12.00
# Visual Studio Version 16
VisualStudioVersion = 16.0.30503.244
MinimumVisualStudioVersion = 10.0.40219.1
Project("{9A19103F-16F7-4668-BE54-9A1E7A4F7556}") = "Impexium.Api", "Impexium.Api\Impexium.Api.csproj", "{197BE8D8-6537-411A-8ED1-1E8CD9EBB40D}"
EndProject
Project("{FAE04EC0-301F-11D3-BF4B-00C04F79EFBC}") = "Impexium.Domain", "Impexium.Domain\Impexium.Domain.csproj", "{C84F04BB-D719-45A5-A230-C1D3247D25EB}"
EndProject
Project("{FAE04EC0-301F-11D3-BF4B-00C04F79EFBC}") = "Impexium.Entities", "Impexium.Entities\Impexium.Entities.csproj", "{37733009-7E7A-4AA0-94FD-E7F31708E4D0}"
EndProject
Project("{FAE04EC0-301F-11D3-BF4B-00C04F79EFBC}") = "Impexium.Repositories", "Impexium.Repositories\Impexium.Repositories.csproj", "{D7268B68-8045-490E-809F-7D0B1FFEC45B}"
EndProject
Project("{FAE04EC0-301F-11D3-BF4B-00C04F79EFBC}") = "Impexium.Persistence", "Impexium.Persistence\Impexium.Persistence.csproj", "{39693EE4-0224-4BF7-99F4-8F0470DF4186}"
EndProject
Global
	GlobalSection(SolutionConfigurationPlatforms) = preSolution
		Debug|Any CPU = Debug|Any CPU
		Release|Any CPU = Release|Any CPU
	EndGlobalSection
	GlobalSection(ProjectConfigurationPlatforms) = postSolution
		{197BE8D8-6537-411A-8ED1-1E8CD9EBB40D}.Debug|Any CPU.ActiveCfg = Debug|Any CPU
		{197BE8D8-6537-411A-8ED1-1E8CD9EBB40D}.Debug|Any CPU.Build.0 = Debug|Any CPU
		{197BE8D8-6537-411A-8ED1-1E8CD9EBB40D}.Release|Any CPU.ActiveCfg = Release|Any CPU
		{197BE8D8-6537-411A-8ED1-1E8CD9EBB40D}.Release|Any CPU.Build.0 = Release|Any CPU
		{C84F04BB-D719-45A5-A230-C1D3247D25EB}.Debug|Any CPU.ActiveCfg = Debug|Any CPU
		{C84F04BB-D719-45A5-A230-C1D3247D25EB}.Debug|Any CPU.Build.0 = Debug|Any CPU
		{C84F04BB-D719-45A5-A230-C1D3247D25EB}.Release|Any CPU.ActiveCfg = Release|Any CPU
		{C84F04BB-D719-45A5-A230-C1D3247D25EB}.Release|Any CPU.Build.0 = Release|Any CPU
		{37733009-7E7A-4AA0-94FD-E7F31708E4D0}.Debug|Any CPU.ActiveCfg = Debug|Any CPU
		{37733009-7E7A-4AA0-94FD-E7F31708E4D0}.Debug|Any CPU.Build.0 = Debug|Any CPU
		{37733009-7E7A-4AA0-94FD-E7F31708E4D0}.Release|Any CPU.ActiveCfg = Release|Any CPU
		{37733009-7E7A-4AA0-94FD-E7F31708E4D0}.Release|Any CPU.Build.0 = Release|Any CPU
		{D7268B68-8045-490E-809F-7D0B1FFEC45B}.Debug|Any CPU.ActiveCfg = Debug|Any CPU
		{D7268B68-8045-490E-809F-7D0B1FFEC45B}.Debug|Any CPU.Build.0 = Debug|Any CPU
		{D7268B68-8045-490E-809F-7D0B1FFEC45B}.Release|Any CPU.ActiveCfg = Release|Any CPU
		{D7268B68-8045-490E-809F-7D0B1FFEC45B}.Release|Any CPU.Build.0 = Release|Any CPU
		{39693EE4-0224-4BF7-99F4-8F0470DF4186}.Debug|Any CPU.ActiveCfg = Debug|Any CPU
		{39693EE4-0224-4BF7-99F4-8F0470DF4186}.Debug|Any CPU.Build.0 = Debug|Any CPU
		{39693EE4-0224-4BF7-99F4-8F0470DF4186}.Release|Any CPU.ActiveCfg = Release|Any CPU
		{39693EE4-0224-4BF7-99F4-8F0470DF4186}.Release|Any CPU.Build.0 = Release|Any CPU
	EndGlobalSection
	GlobalSection(SolutionProperties) = preSolution
		HideSolutionNode = FALSE
	EndGlobalSection
	GlobalSection(ExtensibilityGlobals) = postSolution
		SolutionGuid = {9F98BB83-53AA-4070-A9CA-F2745CB23D46}
	EndGlobalSection
EndGlobal
